// !$*UTF8*$!
{
	archiveVersion = 1;
	classes = {
	};
	objectVersion = 50;
	objects = {

/* Begin PBXBuildFile section */
		134A204A21176359006D0AC8 /* SetGame.swift in Sources */ = {isa = PBXBuildFile; fileRef = 134A204921176359006D0AC8 /* SetGame.swift */; };
		134A204C21176372006D0AC8 /* Card.swift in Sources */ = {isa = PBXBuildFile; fileRef = 134A204B21176372006D0AC8 /* Card.swift */; };
		134A2050211764F0006D0AC8 /* Suit.swift in Sources */ = {isa = PBXBuildFile; fileRef = 134A204F211764F0006D0AC8 /* Suit.swift */; };
		13B72CDC2116DE5D00E4B26B /* AppDelegate.swift in Sources */ = {isa = PBXBuildFile; fileRef = 13B72CDB2116DE5D00E4B26B /* AppDelegate.swift */; };
		13B72CDE2116DE5D00E4B26B /* ViewController.swift in Sources */ = {isa = PBXBuildFile; fileRef = 13B72CDD2116DE5D00E4B26B /* ViewController.swift */; };
		13B72CE12116DE5D00E4B26B /* Main.storyboard in Resources */ = {isa = PBXBuildFile; fileRef = 13B72CDF2116DE5D00E4B26B /* Main.storyboard */; };
		13B72CE32116DE5F00E4B26B /* Assets.xcassets in Resources */ = {isa = PBXBuildFile; fileRef = 13B72CE22116DE5F00E4B26B /* Assets.xcassets */; };
		13B72CE62116DE5F00E4B26B /* LaunchScreen.storyboard in Resources */ = {isa = PBXBuildFile; fileRef = 13B72CE42116DE5F00E4B26B /* LaunchScreen.storyboard */; };
/* End PBXBuildFile section */

/* Begin PBXFileReference section */
		13274DC6211B944A001AF5AA /* Set Game.entitlements */ = {isa = PBXFileReference; lastKnownFileType = text.plist.entitlements; path = "Set Game.entitlements"; sourceTree = "<group>"; };
		134A204921176359006D0AC8 /* SetGame.swift */ = {isa = PBXFileReference; lastKnownFileType = sourcecode.swift; path = SetGame.swift; sourceTree = "<group>"; };
		134A204B21176372006D0AC8 /* Card.swift */ = {isa = PBXFileReference; lastKnownFileType = sourcecode.swift; path = Card.swift; sourceTree = "<group>"; };
		134A204F211764F0006D0AC8 /* Suit.swift */ = {isa = PBXFileReference; lastKnownFileType = sourcecode.swift; path = Suit.swift; sourceTree = "<group>"; };
		13B72CD82116DE5D00E4B26B /* Set Game.app */ = {isa = PBXFileReference; explicitFileType = wrapper.application; includeInIndex = 0; path = "Set Game.app"; sourceTree = BUILT_PRODUCTS_DIR; };
		13B72CDB2116DE5D00E4B26B /* AppDelegate.swift */ = {isa = PBXFileReference; lastKnownFileType = sourcecode.swift; path = AppDelegate.swift; sourceTree = "<group>"; };
		13B72CDD2116DE5D00E4B26B /* ViewController.swift */ = {isa = PBXFileReference; lastKnownFileType = sourcecode.swift; path = ViewController.swift; sourceTree = "<group>"; };
		13B72CE02116DE5D00E4B26B /* Base */ = {isa = PBXFileReference; lastKnownFileType = file.storyboard; name = Base; path = Base.lproj/Main.storyboard; sourceTree = "<group>"; };
		13B72CE22116DE5F00E4B26B /* Assets.xcassets */ = {isa = PBXFileReference; lastKnownFileType = folder.assetcatalog; path = Assets.xcassets; sourceTree = "<group>"; };
		13B72CE52116DE5F00E4B26B /* Base */ = {isa = PBXFileReference; lastKnownFileType = file.storyboard; name = Base; path = Base.lproj/LaunchScreen.storyboard; sourceTree = "<group>"; };
		13B72CE72116DE5F00E4B26B /* Info.plist */ = {isa = PBXFileReference; lastKnownFileType = text.plist.xml; path = Info.plist; sourceTree = "<group>"; };
/* End PBXFileReference section */

/* Begin PBXFrameworksBuildPhase section */
		13B72CD52116DE5D00E4B26B /* Frameworks */ = {
			isa = PBXFrameworksBuildPhase;
			buildActionMask = 2147483647;
			files = (
			);
			runOnlyForDeploymentPostprocessing = 0;
		};
/* End PBXFrameworksBuildPhase section */

/* Begin PBXGroup section */
		134A204621176336006D0AC8 /* Supporting Files */ = {
			isa = PBXGroup;
			children = (
				13B72CDB2116DE5D00E4B26B /* AppDelegate.swift */,
				13B72CE22116DE5F00E4B26B /* Assets.xcassets */,
				13B72CE42116DE5F00E4B26B /* LaunchScreen.storyboard */,
			);
			path = "Supporting Files";
			sourceTree = "<group>";
		};
		1378D4DC211A625900DEF842 /* Model */ = {
			isa = PBXGroup;
			children = (
				134A204921176359006D0AC8 /* SetGame.swift */,
				134A204B21176372006D0AC8 /* Card.swift */,
				134A204F211764F0006D0AC8 /* Suit.swift */,
			);
			name = Model;
			sourceTree = "<group>";
		};
		13B72CCF2116DE5D00E4B26B = {
			isa = PBXGroup;
			children = (
				13B72CDA2116DE5D00E4B26B /* Set Game */,
				13B72CD92116DE5D00E4B26B /* Products */,
			);
			sourceTree = "<group>";
		};
		13B72CD92116DE5D00E4B26B /* Products */ = {
			isa = PBXGroup;
			children = (
				13B72CD82116DE5D00E4B26B /* Set Game.app */,
			);
			name = Products;
			sourceTree = "<group>";
		};
		13B72CDA2116DE5D00E4B26B /* Set Game */ = {
			isa = PBXGroup;
			children = (
				13274DC6211B944A001AF5AA /* Set Game.entitlements */,
				134A204621176336006D0AC8 /* Supporting Files */,
				13B72CDD2116DE5D00E4B26B /* ViewController.swift */,
				1378D4DC211A625900DEF842 /* Model */,
				13B72CDF2116DE5D00E4B26B /* Main.storyboard */,
				13B72CE72116DE5F00E4B26B /* Info.plist */,
			);
			path = "Set Game";
			sourceTree = "<group>";
		};
/* End PBXGroup section */

/* Begin PBXNativeTarget section */
		13B72CD72116DE5D00E4B26B /* Set Game */ = {
			isa = PBXNativeTarget;
			buildConfigurationList = 13B72CEA2116DE5F00E4B26B /* Build configuration list for PBXNativeTarget "Set Game" */;
			buildPhases = (
				13B72CD42116DE5D00E4B26B /* Sources */,
				13B72CD52116DE5D00E4B26B /* Frameworks */,
				13B72CD62116DE5D00E4B26B /* Resources */,
			);
			buildRules = (
			);
			dependencies = (
			);
			name = "Set Game";
			productName = "Set Game";
			productReference = 13B72CD82116DE5D00E4B26B /* Set Game.app */;
			productType = "com.apple.product-type.application";
		};
/* End PBXNativeTarget section */

/* Begin PBXProject section */
		13B72CD02116DE5D00E4B26B /* Project object */ = {
			isa = PBXProject;
			attributes = {
				LastSwiftUpdateCheck = 0940;
				LastUpgradeCheck = 0940;
				ORGANIZATIONNAME = "Seraph Technologies";
				TargetAttributes = {
					13B72CD72116DE5D00E4B26B = {
						CreatedOnToolsVersion = 9.4.1;
						SystemCapabilities = {
							com.apple.ApplicationGroups.iOS = {
								enabled = 0;
							};
						};
					};
				};
			};
			buildConfigurationList = 13B72CD32116DE5D00E4B26B /* Build configuration list for PBXProject "Set Game" */;
			compatibilityVersion = "Xcode 9.3";
			developmentRegion = en;
			hasScannedForEncodings = 0;
			knownRegions = (
				en,
				Base,
			);
			mainGroup = 13B72CCF2116DE5D00E4B26B;
			productRefGroup = 13B72CD92116DE5D00E4B26B /* Products */;
			projectDirPath = "";
			projectRoot = "";
			targets = (
				13B72CD72116DE5D00E4B26B /* Set Game */,
			);
		};
/* End PBXProject section */

/* Begin PBXResourcesBuildPhase section */
		13B72CD62116DE5D00E4B26B /* Resources */ = {
			isa = PBXResourcesBuildPhase;
			buildActionMask = 2147483647;
			files = (
				13B72CE62116DE5F00E4B26B /* LaunchScreen.storyboard in Resources */,
				13B72CE32116DE5F00E4B26B /* Assets.xcassets in Resources */,
				13B72CE12116DE5D00E4B26B /* Main.storyboard in Resources */,
			);
			runOnlyForDeploymentPostprocessing = 0;
		};
/* End PBXResourcesBuildPhase section */

/* Begin PBXSourcesBuildPhase section */
		13B72CD42116DE5D00E4B26B /* Sources */ = {
			isa = PBXSourcesBuildPhase;
			buildActionMask = 2147483647;
			files = (
				13B72CDE2116DE5D00E4B26B /* ViewController.swift in Sources */,
				134A204A21176359006D0AC8 /* SetGame.swift in Sources */,
				13B72CDC2116DE5D00E4B26B /* AppDelegate.swift in Sources */,
				134A2050211764F0006D0AC8 /* Suit.swift in Sources */,
				134A204C21176372006D0AC8 /* Card.swift in Sources */,
			);
			runOnlyForDeploymentPostprocessing = 0;
		};
/* End PBXSourcesBuildPhase section */

/* Begin PBXVariantGroup section */
		13B72CDF2116DE5D00E4B26B /* Main.storyboard */ = {
			isa = PBXVariantGroup;
			children = (
				13B72CE02116DE5D00E4B26B /* Base */,
			);
			name = Main.storyboard;
			sourceTree = "<group>";
		};
		13B72CE42116DE5F00E4B26B /* LaunchScreen.storyboard */ = {
			isa = PBXVariantGroup;
			children = (
				13B72CE52116DE5F00E4B26B /* Base */,
			);
			name = LaunchScreen.storyboard;
			sourceTree = "<group>";
		};
/* End PBXVariantGroup section */

/* Begin XCBuildConfiguration section */
		13B72CE82116DE5F00E4B26B /* Debug */ = {
			isa = XCBuildConfiguration;
			buildSettings = {
				ALWAYS_SEARCH_USER_PATHS = NO;
				CLANG_ANALYZER_NONNULL = YES;
				CLANG_ANALYZER_NUMBER_OBJECT_CONVERSION = YES_AGGRESSIVE;
				CLANG_CXX_LANGUAGE_STANDARD = "gnu++14";
				CLANG_CXX_LIBRARY = "libc++";
				CLANG_ENABLE_MODULES = YES;
				CLANG_ENABLE_OBJC_ARC = YES;
				CLANG_ENABLE_OBJC_WEAK = YES;
				CLANG_WARN_BLOCK_CAPTURE_AUTORELEASING = YES;
				CLANG_WARN_BOOL_CONVERSION = YES;
				CLANG_WARN_COMMA = YES;
				CLANG_WARN_CONSTANT_CONVERSION = YES;
				CLANG_WARN_DEPRECATED_OBJC_IMPLEMENTATIONS = YES;
				CLANG_WARN_DIRECT_OBJC_ISA_USAGE = YES_ERROR;
				CLANG_WARN_DOCUMENTATION_COMMENTS = YES;
				CLANG_WARN_EMPTY_BODY = YES;
				CLANG_WARN_ENUM_CONVERSION = YES;
				CLANG_WARN_INFINITE_RECURSION = YES;
				CLANG_WARN_INT_CONVERSION = YES;
				CLANG_WARN_NON_LITERAL_NULL_CONVERSION = YES;
				CLANG_WARN_OBJC_IMPLICIT_RETAIN_SELF = YES;
				CLANG_WARN_OBJC_LITERAL_CONVERSION = YES;
				CLANG_WARN_OBJC_ROOT_CLASS = YES_ERROR;
				CLANG_WARN_RANGE_LOOP_ANALYSIS = YES;
				CLANG_WARN_STRICT_PROTOTYPES = YES;
				CLANG_WARN_SUSPICIOUS_MOVE = YES;
				CLANG_WARN_UNGUARDED_AVAILABILITY = YES_AGGRESSIVE;
				CLANG_WARN_UNREACHABLE_CODE = YES;
				CLANG_WARN__DUPLICATE_METHOD_MATCH = YES;
				CODE_SIGN_IDENTITY = "iPhone Developer";
				COPY_PHASE_STRIP = NO;
				DEBUG_INFORMATION_FORMAT = dwarf;
				ENABLE_STRICT_OBJC_MSGSEND = YES;
				ENABLE_TESTABILITY = YES;
				GCC_C_LANGUAGE_STANDARD = gnu11;
				GCC_DYNAMIC_NO_PIC = NO;
				GCC_NO_COMMON_BLOCKS = YES;
				GCC_OPTIMIZATION_LEVEL = 0;
				GCC_PREPROCESSOR_DEFINITIONS = (
					"DEBUG=1",
					"$(inherited)",
				);
				GCC_WARN_64_TO_32_BIT_CONVERSION = YES;
				GCC_WARN_ABOUT_RETURN_TYPE = YES_ERROR;
				GCC_WARN_UNDECLARED_SELECTOR = YES;
				GCC_WARN_UNINITIALIZED_AUTOS = YES_AGGRESSIVE;
				GCC_WARN_UNUSED_FUNCTION = YES;
				GCC_WARN_UNUSED_VARIABLE = YES;
				IPHONEOS_DEPLOYMENT_TARGET = 11.4;
				MTL_ENABLE_DEBUG_INFO = YES;
				ONLY_ACTIVE_ARCH = YES;
				SDKROOT = iphoneos;
				SWIFT_ACTIVE_COMPILATION_CONDITIONS = DEBUG;
				SWIFT_OPTIMIZATION_LEVEL = "-Onone";
			};
			name = Debug;
		};
		13B72CE92116DE5F00E4B26B /* Release */ = {
			isa = XCBuildConfiguration;
			buildSettings = {
				ALWAYS_SEARCH_USER_PATHS = NO;
				CLANG_ANALYZER_NONNULL = YES;
				CLANG_ANALYZER_NUMBER_OBJECT_CONVERSION = YES_AGGRESSIVE;
				CLANG_CXX_LANGUAGE_STANDARD = "gnu++14";
				CLANG_CXX_LIBRARY = "libc++";
				CLANG_ENABLE_MODULES = YES;
				CLANG_ENABLE_OBJC_ARC = YES;
				CLANG_ENABLE_OBJC_WEAK = YES;
				CLANG_WARN_BLOCK_CAPTURE_AUTORELEASING = YES;
				CLANG_WARN_BOOL_CONVERSION = YES;
				CLANG_WARN_COMMA = YES;
				CLANG_WARN_CONSTANT_CONVERSION = YES;
				CLANG_WARN_DEPRECATED_OBJC_IMPLEMENTATIONS = YES;
				CLANG_WARN_DIRECT_OBJC_ISA_USAGE = YES_ERROR;
				CLANG_WARN_DOCUMENTATION_COMMENTS = YES;
				CLANG_WARN_EMPTY_BODY = YES;
				CLANG_WARN_ENUM_CONVERSION = YES;
				CLANG_WARN_INFINITE_RECURSION = YES;
				CLANG_WARN_INT_CONVERSION = YES;
				CLANG_WARN_NON_LITERAL_NULL_CONVERSION = YES;
				CLANG_WARN_OBJC_IMPLICIT_RETAIN_SELF = YES;
				CLANG_WARN_OBJC_LITERAL_CONVERSION = YES;
				CLANG_WARN_OBJC_ROOT_CLASS = YES_ERROR;
				CLANG_WARN_RANGE_LOOP_ANALYSIS = YES;
				CLANG_WARN_STRICT_PROTOTYPES = YES;
				CLANG_WARN_SUSPICIOUS_MOVE = YES;
				CLANG_WARN_UNGUARDED_AVAILABILITY = YES_AGGRESSIVE;
				CLANG_WARN_UNREACHABLE_CODE = YES;
				CLANG_WARN__DUPLICATE_METHOD_MATCH = YES;
				CODE_SIGN_IDENTITY = "iPhone Developer";
				COPY_PHASE_STRIP = NO;
				DEBUG_INFORMATION_FORMAT = "dwarf-with-dsym";
				ENABLE_NS_ASSERTIONS = NO;
				ENABLE_STRICT_OBJC_MSGSEND = YES;
				GCC_C_LANGUAGE_STANDARD = gnu11;
				GCC_NO_COMMON_BLOCKS = YES;
				GCC_WARN_64_TO_32_BIT_CONVERSION = YES;
				GCC_WARN_ABOUT_RETURN_TYPE = YES_ERROR;
				GCC_WARN_UNDECLARED_SELECTOR = YES;
				GCC_WARN_UNINITIALIZED_AUTOS = YES_AGGRESSIVE;
				GCC_WARN_UNUSED_FUNCTION = YES;
				GCC_WARN_UNUSED_VARIABLE = YES;
				IPHONEOS_DEPLOYMENT_TARGET = 11.4;
				MTL_ENABLE_DEBUG_INFO = NO;
				SDKROOT = iphoneos;
				SWIFT_COMPILATION_MODE = wholemodule;
				SWIFT_OPTIMIZATION_LEVEL = "-O";
				VALIDATE_PRODUCT = YES;
			};
			name = Release;
		};
		13B72CEB2116DE5F00E4B26B /* Debug */ = {
			isa = XCBuildConfiguration;
			buildSettings = {
				ASSETCATALOG_COMPILER_APPICON_NAME = AppIcon;
				CODE_SIGN_STYLE = Automatic;
				DEVELOPMENT_TEAM = WBZ6T2AKNS;
				INFOPLIST_FILE = "Set Game/Info.plist";
				LD_RUNPATH_SEARCH_PATHS = (
					"$(inherited)",
					"@executable_path/Frameworks",
				);
				PRODUCT_BUNDLE_IDENTIFIER = "com.seraphtechnologies.Set-Game";
				PRODUCT_NAME = "$(TARGET_NAME)";
				SWIFT_VERSION = 4.0;
				TARGETED_DEVICE_FAMILY = 1;
			};
			name = Debug;
		};
		13B72CEC2116DE5F00E4B26B /* Release */ = {
			isa = XCBuildConfiguration;
			buildSettings = {
				ASSETCATALOG_COMPILER_APPICON_NAME = AppIcon;
				CODE_SIGN_STYLE = Automatic;
				DEVELOPMENT_TEAM = WBZ6T2AKNS;
				INFOPLIST_FILE = "Set Game/Info.plist";
				LD_RUNPATH_SEARCH_PATHS = (
					"$(inherited)",
					"@executable_path/Frameworks",
				);
				PRODUCT_BUNDLE_IDENTIFIER = "com.seraphtechnologies.Set-Game";
				PRODUCT_NAME = "$(TARGET_NAME)";
				SWIFT_VERSION = 4.0;
				TARGETED_DEVICE_FAMILY = 1;
			};
			name = Release;
		};
/* End XCBuildConfiguration section */

/* Begin XCConfigurationList section */
		13B72CD32116DE5D00E4B26B /* Build configuration list for PBXProject "Set Game" */ = {
			isa = XCConfigurationList;
			buildConfigurations = (
				13B72CE82116DE5F00E4B26B /* Debug */,
				13B72CE92116DE5F00E4B26B /* Release */,
			);
			defaultConfigurationIsVisible = 0;
			defaultConfigurationName = Release;
		};
		13B72CEA2116DE5F00E4B26B /* Build configuration list for PBXNativeTarget "Set Game" */ = {
			isa = XCConfigurationList;
			buildConfigurations = (
				13B72CEB2116DE5F00E4B26B /* Debug */,
				13B72CEC2116DE5F00E4B26B /* Release */,
			);
			defaultConfigurationIsVisible = 0;
			defaultConfigurationName = Release;
		};
/* End XCConfigurationList section */
	};
	rootObject = 13B72CD02116DE5D00E4B26B /* Project object */;
}
